
Microsoft Visual Studio Solution File, Format Version 12.00
# Visual Studio 15
VisualStudioVersion = 15.0.27703.2047
MinimumVisualStudioVersion = 10.0.40219.1
Project("{8BC9CEB8-8B4A-11D0-8D11-00A0C91BC942}") = "ZombieApocalypseSimulator", "ZombieApocalypseSimulator\ZombieApocalypseSimulator.vcxproj", "{8FEFB1CD-561C-4027-9A36-50C8B7CDE15D}"
EndProject
Global
	GlobalSection(SolutionConfigurationPlatforms) = preSolution
		Debug|x64 = Debug|x64
		Debug|x86 = Debug|x86
		Release|x64 = Release|x64
		Release|x86 = Release|x86
	EndGlobalSection
	GlobalSection(ProjectConfigurationPlatforms) = postSolution
		{8FEFB1CD-561C-4027-9A36-50C8B7CDE15D}.Debug|x64.ActiveCfg = Debug|x64
		{8FEFB1CD-561C-4027-9A36-50C8B7CDE15D}.Debug|x64.Build.0 = Debug|x64
		{8FEFB1CD-561C-4027-9A36-50C8B7CDE15D}.Debug|x86.ActiveCfg = Debug|Win32
		{8FEFB1CD-561C-4027-9A36-50C8B7CDE15D}.Debug|x86.Build.0 = Debug|Win32
		{8FEFB1CD-561C-4027-9A36-50C8B7CDE15D}.Release|x64.ActiveCfg = Release|x64
		{8FEFB1CD-561C-4027-9A36-50C8B7CDE15D}.Release|x64.Build.0 = Release|x64
		{8FEFB1CD-561C-4027-9A36-50C8B7CDE15D}.Release|x86.ActiveCfg = Release|Win32
		{8FEFB1CD-561C-4027-9A36-50C8B7CDE15D}.Release|x86.Build.0 = Release|Win32
	EndGlobalSection
	GlobalSection(SolutionProperties) = preSolution
		HideSolutionNode = FALSE
	EndGlobalSection
	GlobalSection(ExtensibilityGlobals) = postSolution
		SolutionGuid = {05466F49-9F91-46AB-BC99-DBD27BDC9A66}
	EndGlobalSection
EndGlobal
